<?xml version="1.0" encoding="utf-8"?>
<Project ToolsVersion="4.0" xmlns="http://schemas.microsoft.com/developer/msbuild/2003">
  <ItemGroup>
    <Filter Include="Source Files">
      <UniqueIdentifier>{4FC737F1-C7A5-4376-A066-2A32D752A2FF}</UniqueIdentifier>
      <Extensions>cpp;c;cc;cxx;def;odl;idl;hpj;bat;asm;asmx</Extensions>
    </Filter>
    <Filter Include="Resource Files">
      <UniqueIdentifier>{67DA6AB6-F800-4c08-8B7A-83BB121AAD01}</UniqueIdentifier>
      <Extensions>rc;ico;cur;bmp;dlg;rc2;rct;bin;rgs;gif;jpg;jpeg;jpe;resx;tiff;tif;png;wav;mfcribbon-ms</Extensions>
    </Filter>
    <Filter Include="Geometry">
      <UniqueIdentifier>{9bc62434-9183-401e-94d3-4ae5bfcfeeb0}</UniqueIdentifier>
    </Filter>
    <Filter Include="lodePNG">
      <UniqueIdentifier>{848c48a8-9a73-43db-b216-56d65e4f4c63}</UniqueIdentifier>
    </Filter>
    <Filter Include="CL_GL">
      <UniqueIdentifier>{140be90a-1fca-471c-9836-e8892ed71d45}</UniqueIdentifier>
    </Filter>
    <Filter Include="CL_GL\OpenCL_kernels">
      <UniqueIdentifier>{167243b5-2511-47c4-813e-6442e1e6e637}</UniqueIdentifier>
    </Filter>
    <Filter Include="Core">
      <UniqueIdentifier>{433a78a9-3520-49b8-bb49-01b382dd3294}</UniqueIdentifier>
    </Filter>
    <Filter Include="Materials">
      <UniqueIdentifier>{fff799fe-5311-46b5-9f21-b5fc9ca26868}</UniqueIdentifier>
    </Filter>
  </ItemGroup>
  <ItemGroup>
    <ClCompile Include="Utilities.cpp">
      <Filter>Source Files</Filter>
    </ClCompile>
    <ClCompile Include="Ray.cpp">
      <Filter>Geometry</Filter>
    </ClCompile>
    <ClCompile Include="Sphere.cpp">
      <Filter>Geometry</Filter>
    </ClCompile>
    <ClCompile Include="..\External\lodePNG\lodepng.cpp">
      <Filter>lodePNG</Filter>
    </ClCompile>
    <ClCompile Include="Camera.cpp">
      <Filter>Source Files</Filter>
    </ClCompile>
    <ClCompile Include="RenderImage.cpp">
      <Filter>Source Files</Filter>
    </ClCompile>
    <ClCompile Include="CLResourceManager.cpp">
      <Filter>CL_GL</Filter>
    </ClCompile>
    <ClCompile Include="ObjectList.cpp">
      <Filter>Source Files</Filter>
    </ClCompile>
    <ClCompile Include="RenderObject.cpp">
      <Filter>Source Files</Filter>
    </ClCompile>
    <ClCompile Include="Plane.cpp">
      <Filter>Geometry</Filter>
    </ClCompile>
    <ClCompile Include="Transformation.cpp">
      <Filter>Geometry</Filter>
    </ClCompile>
    <ClCompile Include="DiffuseMaterial.cpp">
      <Filter>Materials</Filter>
    </ClCompile>
    <ClCompile Include="main.cpp">
      <Filter>Source Files</Filter>
    </ClCompile>
    <ClCompile Include="SceneLoader.cpp">
      <Filter>Source Files</Filter>
    </ClCompile>
  </ItemGroup>
  <ItemGroup>
    <ClInclude Include="Ray.h">
      <Filter>Geometry</Filter>
    </ClInclude>
    <ClInclude Include="Sphere.h">
      <Filter>Geometry</Filter>
    </ClInclude>
    <ClInclude Include="..\External\lodePNG\lodepng.h">
      <Filter>lodePNG</Filter>
    </ClInclude>
    <ClInclude Include="Camera.h">
      <Filter>Source Files</Filter>
    </ClInclude>
    <ClInclude Include="Utilities.h">
      <Filter>Source Files</Filter>
    </ClInclude>
    <ClInclude Include="RenderImage.h">
      <Filter>Source Files</Filter>
    </ClInclude>
    <ClInclude Include="CLResourceManager.h">
      <Filter>CL_GL</Filter>
    </ClInclude>
    <ClInclude Include="ObjectList.h">
      <Filter>Source Files</Filter>
    </ClInclude>
    <ClInclude Include="Geometry.h">
      <Filter>Geometry</Filter>
    </ClInclude>
    <ClInclude Include="RenderObject.h">
      <Filter>Source Files</Filter>
    </ClInclude>
    <ClInclude Include="Plane.h">
      <Filter>Geometry</Filter>
    </ClInclude>
    <ClInclude Include="Transformation.h">
      <Filter>Geometry</Filter>
    </ClInclude>
    <ClInclude Include="Material.h">
      <Filter>Materials</Filter>
    </ClInclude>
    <ClInclude Include="ObjectAttribute.h">
      <Filter>Core</Filter>
    </ClInclude>
    <ClInclude Include="DiffuseMaterial.h">
      <Filter>Materials</Filter>
    </ClInclude>
    <ClInclude Include="Light.h">
      <Filter>Materials</Filter>
    </ClInclude>
    <ClInclude Include="Metal.h">
      <Filter>Materials</Filter>
    </ClInclude>
    <ClInclude Include="SceneLoader.h">
      <Filter>Source Files</Filter>
    </ClInclude>
  </ItemGroup>
  <ItemGroup>
    <None Include="kernel\renderer.cl">
      <Filter>CL_GL\OpenCL_kernels</Filter>
    </None>
    <None Include="kernel\Transformation.hcl">
      <Filter>CL_GL\OpenCL_kernels</Filter>
    </None>
    <None Include="kernel\Ray.hcl">
      <Filter>CL_GL\OpenCL_kernels</Filter>
    </None>
    <None Include="kernel\ConstantDef.hcl">
      <Filter>CL_GL\OpenCL_kernels</Filter>
    </None>
    <None Include="kernel\Metal.hcl">
      <Filter>CL_GL\OpenCL_kernels</Filter>
    </None>
  </ItemGroup>
</Project>